
Microsoft Visual Studio Solution File, Format Version 12.00
# Visual Studio Version 16
VisualStudioVersion = 16.0.30907.101
MinimumVisualStudioVersion = 10.0.40219.1
Project("{FAE04EC0-301F-11D3-BF4B-00C04F79EFBC}") = "DamaTahtasi", "DamaTahtasi\DamaTahtasi.csproj", "{3D613732-0BF3-4D48-A853-6C04D12D1ACC}"
EndProject
Global
	GlobalSection(SolutionConfigurationPlatforms) = preSolution
		Debug|Any CPU = Debug|Any CPU
		Release|Any CPU = Release|Any CPU
	EndGlobalSection
	GlobalSection(ProjectConfigurationPlatforms) = postSolution
		{3D613732-0BF3-4D48-A853-6C04D12D1ACC}.Debug|Any CPU.ActiveCfg = Debug|Any CPU
		{3D613732-0BF3-4D48-A853-6C04D12D1ACC}.Debug|Any CPU.Build.0 = Debug|Any CPU
		{3D613732-0BF3-4D48-A853-6C04D12D1ACC}.Release|Any CPU.ActiveCfg = Release|Any CPU
		{3D613732-0BF3-4D48-A853-6C04D12D1ACC}.Release|Any CPU.Build.0 = Release|Any CPU
	EndGlobalSection
	GlobalSection(SolutionProperties) = preSolution
		HideSolutionNode = FALSE
	EndGlobalSection
	GlobalSection(ExtensibilityGlobals) = postSolution
		SolutionGuid = {852E4835-1AD7-44F5-B59A-BEA54546D7B5}
	EndGlobalSection
EndGlobal
